
Microsoft Visual Studio Solution File, Format Version 12.00
# Visual Studio Version 16
VisualStudioVersion = 16.0.30907.101
MinimumVisualStudioVersion = 10.0.40219.1
Project("{FAE04EC0-301F-11D3-BF4B-00C04F79EFBC}") = "SwitchAndSliderApp.Android", "SwitchAndSliderApp\SwitchAndSliderApp.Android\SwitchAndSliderApp.Android.csproj", "{FEE3E517-9646-4B31-BBEA-EB070D519689}"
EndProject
Project("{FAE04EC0-301F-11D3-BF4B-00C04F79EFBC}") = "SwitchAndSliderApp", "SwitchAndSliderApp\SwitchAndSliderApp\SwitchAndSliderApp.csproj", "{6301CCEC-AE1A-4306-835B-8EDB94E24246}"
EndProject
Global
	GlobalSection(SolutionConfigurationPlatforms) = preSolution
		Debug|Any CPU = Debug|Any CPU
		Release|Any CPU = Release|Any CPU
	EndGlobalSection
	GlobalSection(ProjectConfigurationPlatforms) = postSolution
		{FEE3E517-9646-4B31-BBEA-EB070D519689}.Debug|Any CPU.ActiveCfg = Debug|Any CPU
		{FEE3E517-9646-4B31-BBEA-EB070D519689}.Debug|Any CPU.Build.0 = Debug|Any CPU
		{FEE3E517-9646-4B31-BBEA-EB070D519689}.Debug|Any CPU.Deploy.0 = Debug|Any CPU
		{FEE3E517-9646-4B31-BBEA-EB070D519689}.Release|Any CPU.ActiveCfg = Release|Any CPU
		{FEE3E517-9646-4B31-BBEA-EB070D519689}.Release|Any CPU.Build.0 = Release|Any CPU
		{FEE3E517-9646-4B31-BBEA-EB070D519689}.Release|Any CPU.Deploy.0 = Release|Any CPU
		{6301CCEC-AE1A-4306-835B-8EDB94E24246}.Debug|Any CPU.ActiveCfg = Debug|Any CPU
		{6301CCEC-AE1A-4306-835B-8EDB94E24246}.Debug|Any CPU.Build.0 = Debug|Any CPU
		{6301CCEC-AE1A-4306-835B-8EDB94E24246}.Debug|Any CPU.Deploy.0 = Debug|Any CPU
		{6301CCEC-AE1A-4306-835B-8EDB94E24246}.Release|Any CPU.ActiveCfg = Release|Any CPU
		{6301CCEC-AE1A-4306-835B-8EDB94E24246}.Release|Any CPU.Build.0 = Release|Any CPU
		{6301CCEC-AE1A-4306-835B-8EDB94E24246}.Release|Any CPU.Deploy.0 = Release|Any CPU
	EndGlobalSection
	GlobalSection(SolutionProperties) = preSolution
		HideSolutionNode = FALSE
	EndGlobalSection
	GlobalSection(ExtensibilityGlobals) = postSolution
		SolutionGuid = {1E18FE4B-D84C-4500-A262-B2631F2F5B14}
	EndGlobalSection
EndGlobal
